
Microsoft Visual Studio Solution File, Format Version 12.00
# Visual Studio Version 17
VisualStudioVersion = 17.5.002.0
MinimumVisualStudioVersion = 10.0.40219.1
Project("{2150E333-8FDC-42A3-9474-1A3956D46DE8}") = "2021", "2021", "{625EA410-A704-42D6-AB8E-39C8FEF65B3B}"
EndProject
Project("{9A19103F-16F7-4668-BE54-9A1E7A4F7556}") = "day01", "2021\day01\day01.csproj", "{58DBB1F8-7A60-4398-88CD-CC61D5621F8F}"
EndProject
Project("{9A19103F-16F7-4668-BE54-9A1E7A4F7556}") = "day02", "2021\day02\day02.csproj", "{A732A0AF-B11B-4A33-A0E5-3DE71E77DCFB}"
EndProject
Project("{9A19103F-16F7-4668-BE54-9A1E7A4F7556}") = "day03", "2021\day03\day03.csproj", "{FA47E906-DC1E-4EE9-A1FC-8860E3610BC5}"
EndProject
Project("{9A19103F-16F7-4668-BE54-9A1E7A4F7556}") = "day04", "2021\day04\day04.csproj", "{9A462AFC-A574-4119-938A-DCB72B858242}"
EndProject
Project("{9A19103F-16F7-4668-BE54-9A1E7A4F7556}") = "day05", "2021\day05\day05.csproj", "{D705D8C0-9590-4802-9DC6-0F9B9B3AE1B6}"
EndProject
Project("{9A19103F-16F7-4668-BE54-9A1E7A4F7556}") = "day06", "2021\day06\day06.csproj", "{8EF3A200-DEC4-4179-ACD5-6329DC758A57}"
EndProject
Project("{9A19103F-16F7-4668-BE54-9A1E7A4F7556}") = "day07", "2021\day07\day07.csproj", "{7030353F-100F-492A-9F0F-0C0F9A335B2D}"
EndProject
Project("{9A19103F-16F7-4668-BE54-9A1E7A4F7556}") = "day08", "2021\day08\day08.csproj", "{ACE51376-05F6-4C87-B73C-949D9C56FBF8}"
EndProject
Project("{9A19103F-16F7-4668-BE54-9A1E7A4F7556}") = "day09", "2021\day09\day09.csproj", "{7DA62CC0-BC37-402F-A6D7-B5945A856065}"
EndProject
Project("{9A19103F-16F7-4668-BE54-9A1E7A4F7556}") = "day10", "2021\day10\day10.csproj", "{EC03E6B0-189E-4565-B211-D66A2B05F014}"
EndProject
Project("{9A19103F-16F7-4668-BE54-9A1E7A4F7556}") = "day11", "2021\day11\day11.csproj", "{FCB57D81-501B-49CD-A3DA-A8F8FFF3B2F9}"
EndProject
Project("{9A19103F-16F7-4668-BE54-9A1E7A4F7556}") = "day12", "2021\day12\day12.csproj", "{98E5AAC2-CA56-4224-99E4-9B495DDB91C1}"
EndProject
Project("{9A19103F-16F7-4668-BE54-9A1E7A4F7556}") = "day13", "2021\day13\day13.csproj", "{5F82026F-3ED2-4D89-8ED7-EF82B32EE5CD}"
EndProject
Project("{9A19103F-16F7-4668-BE54-9A1E7A4F7556}") = "day14", "2021\day14\day14.csproj", "{2FFF8FCB-8868-436A-BC7A-8CA5FCCAE194}"
EndProject
Project("{9A19103F-16F7-4668-BE54-9A1E7A4F7556}") = "day15", "2021\day15\day15.csproj", "{88DC55DB-7145-417B-AC9A-1D09B4853314}"
EndProject
Project("{9A19103F-16F7-4668-BE54-9A1E7A4F7556}") = "day16", "2021\day16\day16.csproj", "{126F23B4-267C-45E8-9162-0CC69531451F}"
EndProject
Project("{9A19103F-16F7-4668-BE54-9A1E7A4F7556}") = "day17", "2021\day17\day17.csproj", "{C2389BE5-E733-41A9-809D-EAA2B5BFA4AA}"
EndProject
Project("{9A19103F-16F7-4668-BE54-9A1E7A4F7556}") = "day18", "2021\day18\day18.csproj", "{1259CD88-D14C-403E-878C-FF0A520FEBA6}"
EndProject
Project("{9A19103F-16F7-4668-BE54-9A1E7A4F7556}") = "day19", "2021\day19\day19.csproj", "{7F96537F-D7F6-46E9-A2AA-B77A4B35BB83}"
EndProject
Project("{2150E333-8FDC-42A3-9474-1A3956D46DE8}") = "2024", "2024", "{22C514E7-0426-44CA-B487-22A1A4D47452}"
EndProject
Project("{9A19103F-16F7-4668-BE54-9A1E7A4F7556}") = "day01", "2024\day01\day01.csproj", "{8B3AC8E1-4486-4E1F-BF79-E6BC404E5BFB}"
EndProject
Global
	GlobalSection(SolutionConfigurationPlatforms) = preSolution
		Debug|Any CPU = Debug|Any CPU
		Release|Any CPU = Release|Any CPU
	EndGlobalSection
	GlobalSection(ProjectConfigurationPlatforms) = postSolution
		{58DBB1F8-7A60-4398-88CD-CC61D5621F8F}.Debug|Any CPU.ActiveCfg = Debug|Any CPU
		{58DBB1F8-7A60-4398-88CD-CC61D5621F8F}.Debug|Any CPU.Build.0 = Debug|Any CPU
		{58DBB1F8-7A60-4398-88CD-CC61D5621F8F}.Release|Any CPU.ActiveCfg = Release|Any CPU
		{58DBB1F8-7A60-4398-88CD-CC61D5621F8F}.Release|Any CPU.Build.0 = Release|Any CPU
		{A732A0AF-B11B-4A33-A0E5-3DE71E77DCFB}.Debug|Any CPU.ActiveCfg = Debug|Any CPU
		{A732A0AF-B11B-4A33-A0E5-3DE71E77DCFB}.Debug|Any CPU.Build.0 = Debug|Any CPU
		{A732A0AF-B11B-4A33-A0E5-3DE71E77DCFB}.Release|Any CPU.ActiveCfg = Release|Any CPU
		{A732A0AF-B11B-4A33-A0E5-3DE71E77DCFB}.Release|Any CPU.Build.0 = Release|Any CPU
		{FA47E906-DC1E-4EE9-A1FC-8860E3610BC5}.Debug|Any CPU.ActiveCfg = Debug|Any CPU
		{FA47E906-DC1E-4EE9-A1FC-8860E3610BC5}.Debug|Any CPU.Build.0 = Debug|Any CPU
		{FA47E906-DC1E-4EE9-A1FC-8860E3610BC5}.Release|Any CPU.ActiveCfg = Release|Any CPU
		{FA47E906-DC1E-4EE9-A1FC-8860E3610BC5}.Release|Any CPU.Build.0 = Release|Any CPU
		{9A462AFC-A574-4119-938A-DCB72B858242}.Debug|Any CPU.ActiveCfg = Debug|Any CPU
		{9A462AFC-A574-4119-938A-DCB72B858242}.Debug|Any CPU.Build.0 = Debug|Any CPU
		{9A462AFC-A574-4119-938A-DCB72B858242}.Release|Any CPU.ActiveCfg = Release|Any CPU
		{9A462AFC-A574-4119-938A-DCB72B858242}.Release|Any CPU.Build.0 = Release|Any CPU
		{D705D8C0-9590-4802-9DC6-0F9B9B3AE1B6}.Debug|Any CPU.ActiveCfg = Debug|Any CPU
		{D705D8C0-9590-4802-9DC6-0F9B9B3AE1B6}.Debug|Any CPU.Build.0 = Debug|Any CPU
		{D705D8C0-9590-4802-9DC6-0F9B9B3AE1B6}.Release|Any CPU.ActiveCfg = Release|Any CPU
		{D705D8C0-9590-4802-9DC6-0F9B9B3AE1B6}.Release|Any CPU.Build.0 = Release|Any CPU
		{8EF3A200-DEC4-4179-ACD5-6329DC758A57}.Debug|Any CPU.ActiveCfg = Debug|Any CPU
		{8EF3A200-DEC4-4179-ACD5-6329DC758A57}.Debug|Any CPU.Build.0 = Debug|Any CPU
		{8EF3A200-DEC4-4179-ACD5-6329DC758A57}.Release|Any CPU.ActiveCfg = Release|Any CPU
		{8EF3A200-DEC4-4179-ACD5-6329DC758A57}.Release|Any CPU.Build.0 = Release|Any CPU
		{7030353F-100F-492A-9F0F-0C0F9A335B2D}.Debug|Any CPU.ActiveCfg = Debug|Any CPU
		{7030353F-100F-492A-9F0F-0C0F9A335B2D}.Debug|Any CPU.Build.0 = Debug|Any CPU
		{7030353F-100F-492A-9F0F-0C0F9A335B2D}.Release|Any CPU.ActiveCfg = Release|Any CPU
		{7030353F-100F-492A-9F0F-0C0F9A335B2D}.Release|Any CPU.Build.0 = Release|Any CPU
		{ACE51376-05F6-4C87-B73C-949D9C56FBF8}.Debug|Any CPU.ActiveCfg = Debug|Any CPU
		{ACE51376-05F6-4C87-B73C-949D9C56FBF8}.Debug|Any CPU.Build.0 = Debug|Any CPU
		{ACE51376-05F6-4C87-B73C-949D9C56FBF8}.Release|Any CPU.ActiveCfg = Release|Any CPU
		{ACE51376-05F6-4C87-B73C-949D9C56FBF8}.Release|Any CPU.Build.0 = Release|Any CPU
		{7DA62CC0-BC37-402F-A6D7-B5945A856065}.Debug|Any CPU.ActiveCfg = Debug|Any CPU
		{7DA62CC0-BC37-402F-A6D7-B5945A856065}.Debug|Any CPU.Build.0 = Debug|Any CPU
		{7DA62CC0-BC37-402F-A6D7-B5945A856065}.Release|Any CPU.ActiveCfg = Release|Any CPU
		{7DA62CC0-BC37-402F-A6D7-B5945A856065}.Release|Any CPU.Build.0 = Release|Any CPU
		{EC03E6B0-189E-4565-B211-D66A2B05F014}.Debug|Any CPU.ActiveCfg = Debug|Any CPU
		{EC03E6B0-189E-4565-B211-D66A2B05F014}.Debug|Any CPU.Build.0 = Debug|Any CPU
		{EC03E6B0-189E-4565-B211-D66A2B05F014}.Release|Any CPU.ActiveCfg = Release|Any CPU
		{EC03E6B0-189E-4565-B211-D66A2B05F014}.Release|Any CPU.Build.0 = Release|Any CPU
		{FCB57D81-501B-49CD-A3DA-A8F8FFF3B2F9}.Debug|Any CPU.ActiveCfg = Debug|Any CPU
		{FCB57D81-501B-49CD-A3DA-A8F8FFF3B2F9}.Debug|Any CPU.Build.0 = Debug|Any CPU
		{FCB57D81-501B-49CD-A3DA-A8F8FFF3B2F9}.Release|Any CPU.ActiveCfg = Release|Any CPU
		{FCB57D81-501B-49CD-A3DA-A8F8FFF3B2F9}.Release|Any CPU.Build.0 = Release|Any CPU
		{98E5AAC2-CA56-4224-99E4-9B495DDB91C1}.Debug|Any CPU.ActiveCfg = Debug|Any CPU
		{98E5AAC2-CA56-4224-99E4-9B495DDB91C1}.Debug|Any CPU.Build.0 = Debug|Any CPU
		{98E5AAC2-CA56-4224-99E4-9B495DDB91C1}.Release|Any CPU.ActiveCfg = Release|Any CPU
		{98E5AAC2-CA56-4224-99E4-9B495DDB91C1}.Release|Any CPU.Build.0 = Release|Any CPU
		{5F82026F-3ED2-4D89-8ED7-EF82B32EE5CD}.Debug|Any CPU.ActiveCfg = Debug|Any CPU
		{5F82026F-3ED2-4D89-8ED7-EF82B32EE5CD}.Debug|Any CPU.Build.0 = Debug|Any CPU
		{5F82026F-3ED2-4D89-8ED7-EF82B32EE5CD}.Release|Any CPU.ActiveCfg = Release|Any CPU
		{5F82026F-3ED2-4D89-8ED7-EF82B32EE5CD}.Release|Any CPU.Build.0 = Release|Any CPU
		{2FFF8FCB-8868-436A-BC7A-8CA5FCCAE194}.Debug|Any CPU.ActiveCfg = Debug|Any CPU
		{2FFF8FCB-8868-436A-BC7A-8CA5FCCAE194}.Debug|Any CPU.Build.0 = Debug|Any CPU
		{2FFF8FCB-8868-436A-BC7A-8CA5FCCAE194}.Release|Any CPU.ActiveCfg = Release|Any CPU
		{2FFF8FCB-8868-436A-BC7A-8CA5FCCAE194}.Release|Any CPU.Build.0 = Release|Any CPU
		{88DC55DB-7145-417B-AC9A-1D09B4853314}.Debug|Any CPU.ActiveCfg = Debug|Any CPU
		{88DC55DB-7145-417B-AC9A-1D09B4853314}.Debug|Any CPU.Build.0 = Debug|Any CPU
		{88DC55DB-7145-417B-AC9A-1D09B4853314}.Release|Any CPU.ActiveCfg = Release|Any CPU
		{88DC55DB-7145-417B-AC9A-1D09B4853314}.Release|Any CPU.Build.0 = Release|Any CPU
		{126F23B4-267C-45E8-9162-0CC69531451F}.Debug|Any CPU.ActiveCfg = Debug|Any CPU
		{126F23B4-267C-45E8-9162-0CC69531451F}.Debug|Any CPU.Build.0 = Debug|Any CPU
		{126F23B4-267C-45E8-9162-0CC69531451F}.Release|Any CPU.ActiveCfg = Release|Any CPU
		{126F23B4-267C-45E8-9162-0CC69531451F}.Release|Any CPU.Build.0 = Release|Any CPU
		{C2389BE5-E733-41A9-809D-EAA2B5BFA4AA}.Debug|Any CPU.ActiveCfg = Debug|Any CPU
		{C2389BE5-E733-41A9-809D-EAA2B5BFA4AA}.Debug|Any CPU.Build.0 = Debug|Any CPU
		{C2389BE5-E733-41A9-809D-EAA2B5BFA4AA}.Release|Any CPU.ActiveCfg = Release|Any CPU
		{C2389BE5-E733-41A9-809D-EAA2B5BFA4AA}.Release|Any CPU.Build.0 = Release|Any CPU
		{1259CD88-D14C-403E-878C-FF0A520FEBA6}.Debug|Any CPU.ActiveCfg = Debug|Any CPU
		{1259CD88-D14C-403E-878C-FF0A520FEBA6}.Debug|Any CPU.Build.0 = Debug|Any CPU
		{1259CD88-D14C-403E-878C-FF0A520FEBA6}.Release|Any CPU.ActiveCfg = Release|Any CPU
		{1259CD88-D14C-403E-878C-FF0A520FEBA6}.Release|Any CPU.Build.0 = Release|Any CPU
		{7F96537F-D7F6-46E9-A2AA-B77A4B35BB83}.Debug|Any CPU.ActiveCfg = Debug|Any CPU
		{7F96537F-D7F6-46E9-A2AA-B77A4B35BB83}.Debug|Any CPU.Build.0 = Debug|Any CPU
		{7F96537F-D7F6-46E9-A2AA-B77A4B35BB83}.Release|Any CPU.ActiveCfg = Release|Any CPU
		{7F96537F-D7F6-46E9-A2AA-B77A4B35BB83}.Release|Any CPU.Build.0 = Release|Any CPU
		{8B3AC8E1-4486-4E1F-BF79-E6BC404E5BFB}.Debug|Any CPU.ActiveCfg = Debug|Any CPU
		{8B3AC8E1-4486-4E1F-BF79-E6BC404E5BFB}.Debug|Any CPU.Build.0 = Debug|Any CPU
		{8B3AC8E1-4486-4E1F-BF79-E6BC404E5BFB}.Release|Any CPU.ActiveCfg = Release|Any CPU
		{8B3AC8E1-4486-4E1F-BF79-E6BC404E5BFB}.Release|Any CPU.Build.0 = Release|Any CPU
	EndGlobalSection
	GlobalSection(SolutionProperties) = preSolution
		HideSolutionNode = FALSE
	EndGlobalSection
	GlobalSection(NestedProjects) = preSolution
		{58DBB1F8-7A60-4398-88CD-CC61D5621F8F} = {625EA410-A704-42D6-AB8E-39C8FEF65B3B}
		{A732A0AF-B11B-4A33-A0E5-3DE71E77DCFB} = {625EA410-A704-42D6-AB8E-39C8FEF65B3B}
		{FA47E906-DC1E-4EE9-A1FC-8860E3610BC5} = {625EA410-A704-42D6-AB8E-39C8FEF65B3B}
		{9A462AFC-A574-4119-938A-DCB72B858242} = {625EA410-A704-42D6-AB8E-39C8FEF65B3B}
		{D705D8C0-9590-4802-9DC6-0F9B9B3AE1B6} = {625EA410-A704-42D6-AB8E-39C8FEF65B3B}
		{8EF3A200-DEC4-4179-ACD5-6329DC758A57} = {625EA410-A704-42D6-AB8E-39C8FEF65B3B}
		{7030353F-100F-492A-9F0F-0C0F9A335B2D} = {625EA410-A704-42D6-AB8E-39C8FEF65B3B}
		{ACE51376-05F6-4C87-B73C-949D9C56FBF8} = {625EA410-A704-42D6-AB8E-39C8FEF65B3B}
		{7DA62CC0-BC37-402F-A6D7-B5945A856065} = {625EA410-A704-42D6-AB8E-39C8FEF65B3B}
		{EC03E6B0-189E-4565-B211-D66A2B05F014} = {625EA410-A704-42D6-AB8E-39C8FEF65B3B}
		{FCB57D81-501B-49CD-A3DA-A8F8FFF3B2F9} = {625EA410-A704-42D6-AB8E-39C8FEF65B3B}
		{98E5AAC2-CA56-4224-99E4-9B495DDB91C1} = {625EA410-A704-42D6-AB8E-39C8FEF65B3B}
		{5F82026F-3ED2-4D89-8ED7-EF82B32EE5CD} = {625EA410-A704-42D6-AB8E-39C8FEF65B3B}
		{2FFF8FCB-8868-436A-BC7A-8CA5FCCAE194} = {625EA410-A704-42D6-AB8E-39C8FEF65B3B}
		{88DC55DB-7145-417B-AC9A-1D09B4853314} = {625EA410-A704-42D6-AB8E-39C8FEF65B3B}
		{126F23B4-267C-45E8-9162-0CC69531451F} = {625EA410-A704-42D6-AB8E-39C8FEF65B3B}
		{C2389BE5-E733-41A9-809D-EAA2B5BFA4AA} = {625EA410-A704-42D6-AB8E-39C8FEF65B3B}
		{1259CD88-D14C-403E-878C-FF0A520FEBA6} = {625EA410-A704-42D6-AB8E-39C8FEF65B3B}
		{7F96537F-D7F6-46E9-A2AA-B77A4B35BB83} = {625EA410-A704-42D6-AB8E-39C8FEF65B3B}
		{8B3AC8E1-4486-4E1F-BF79-E6BC404E5BFB} = {22C514E7-0426-44CA-B487-22A1A4D47452}
	EndGlobalSection
	GlobalSection(ExtensibilityGlobals) = postSolution
		SolutionGuid = {9BE3D1E3-DFF0-49B9-B35B-EFD8F19B25AB}
	EndGlobalSection
EndGlobal
